
Microsoft Visual Studio Solution File, Format Version 11.00
# Visual Studio 2010
Project("{2150E333-8FDC-42A3-9474-1A3956D46DE8}") = "Solution Items", "Solution Items", "{75FF8F0A-4BA9-4E2A-BE3B-0CEFD51EB9FD}"
	ProjectSection(SolutionItems) = preProject
		e-i-s-k-2010.vsmdi = e-i-s-k-2010.vsmdi
		LocalTestRun.testrunconfig = LocalTestRun.testrunconfig
		ReadMe.txt = ReadMe.txt
	EndProjectSection
EndProject
Project("{FAE04EC0-301F-11D3-BF4B-00C04F79EFBC}") = "Eisk.TestHelpers", "..\Eisk.TestHelpers\Eisk.TestHelpers.csproj", "{8DD4D52B-9FA0-4BFB-BC48-B39ABEBAC890}"
EndProject
Project("{2150E333-8FDC-42A3-9474-1A3956D46DE8}") = "Tests", "Tests", "{55B191EC-A50A-4191-9FDB-4E523F82F69C}"
EndProject
Project("{FAE04EC0-301F-11D3-BF4B-00C04F79EFBC}") = "Eisk.Tests.IntegrationTests.DatabaseUnitTests", "..\Eisk.Tests.IntegrationTests.DatabaseUnitTests\Eisk.Tests.IntegrationTests.DatabaseUnitTests.csproj", "{6032369A-3A3B-4CAE-9CF3-9B096B7E0326}"
EndProject
Project("{FAE04EC0-301F-11D3-BF4B-00C04F79EFBC}") = "Eisk.Tests.IntegrationTests.LoadTests", "..\Eisk.Tests.IntegrationTests.LoadTests\Eisk.Tests.IntegrationTests.LoadTests.csproj", "{DE119620-D463-427E-8A26-B9040762B863}"
EndProject
Project("{FAE04EC0-301F-11D3-BF4B-00C04F79EFBC}") = "Eisk.Tests.IntegrationTests.WebTests", "..\Eisk.Tests.IntegrationTests.WebTests\Eisk.Tests.IntegrationTests.WebTests.csproj", "{6EE8128B-7DDE-4DA5-B1EC-873B1E1F7582}"
EndProject
Project("{FAE04EC0-301F-11D3-BF4B-00C04F79EFBC}") = "Eisk.Tests.UnitTests", "..\Eisk.Tests.UnitTests\Eisk.Tests.UnitTests.csproj", "{5913D55A-2CD1-4D4D-B026-5BCF8C6421E2}"
EndProject
Project("{FAE04EC0-301F-11D3-BF4B-00C04F79EFBC}") = "Eisk.Helpers", "..\Eisk.Helpers\Eisk.Helpers.csproj", "{6BA8CB9E-5B06-4F40-A52C-6BFD431443A4}"
EndProject
Project("{FAE04EC0-301F-11D3-BF4B-00C04F79EFBC}") = "Eisk.DataAccess", "..\Eisk.DataAccess\Eisk.DataAccess.csproj", "{4300988F-5BD1-4D97-8BEE-5DFBD7F6587B}"
EndProject
Project("{C8D11400-126E-41CD-887F-60BD40844F9E}") = "Eisk.Database", "..\Eisk.Database\Eisk.Database.dbproj", "{67CBC824-A49E-4E9B-A947-360F3DFE65C3}"
EndProject
Project("{E24C65DC-7377-472B-9ABA-BC803B73C61A}") = "Eisk.Web", "..\Eisk.Web", "{DE786070-5CB7-47EF-93F7-8EBE64F375BA}"
	ProjectSection(WebsiteProperties) = preProject
		SccProjectName = ""
		SccAuxPath = ""
		SccLocalPath = ""
		SccProvider = ""
		TargetFrameworkMoniker = ".NETFramework,Version%3Dv4.0"
		ProjectReferences = "{4300988F-5BD1-4D97-8BEE-5DFBD7F6587B}|EmployeeInfoWebStarterKitLib.dll;{6BA8CB9E-5B06-4F40-A52C-6BFD431443A4}|Eisk.Library.dll;"
		Debug.AspNetCompiler.VirtualPath = "/Eisk.Web"
		Debug.AspNetCompiler.PhysicalPath = "..\Eisk.Web\"
		Debug.AspNetCompiler.TargetPath = "PrecompiledWeb\Eisk.Web\"
		Debug.AspNetCompiler.Updateable = "true"
		Debug.AspNetCompiler.ForceOverwrite = "true"
		Debug.AspNetCompiler.FixedNames = "false"
		Debug.AspNetCompiler.Debug = "True"
		Release.AspNetCompiler.VirtualPath = "/Eisk.Web"
		Release.AspNetCompiler.PhysicalPath = "..\Eisk.Web\"
		Release.AspNetCompiler.TargetPath = "PrecompiledWeb\Eisk.Web\"
		Release.AspNetCompiler.Updateable = "true"
		Release.AspNetCompiler.ForceOverwrite = "true"
		Release.AspNetCompiler.FixedNames = "false"
		Release.AspNetCompiler.Debug = "False"
		VWDPort = "3238"
		VWDDynamicPort = "false"
	EndProjectSection
EndProject
Project("{2150E333-8FDC-42A3-9474-1A3956D46DE8}") = "Database", "Database", "{6880855B-9075-48D1-A00E-F7349B64BFBA}"
EndProject
Project("{2150E333-8FDC-42A3-9474-1A3956D46DE8}") = "Architecture", "Architecture", "{AABF03A9-0E7F-44BA-B175-CC5A135F61FB}"
EndProject
Project("{FAE04EC0-301F-11D3-BF4B-00C04F79EFBC}") = "Eisk.Tests.IntegrationTests.CodedUiTests", "..\Eisk.Tests.IntegrationTests.CodedUiTests\Eisk.Tests.IntegrationTests.CodedUiTests.csproj", "{5C22242E-C0AB-418E-88A5-AEC217C42329}"
EndProject
Project("{F088123C-0E9E-452A-89E6-6BA2F21D5CAC}") = "Eisk.Architecture", "..\Eisk.Architecture\Eisk.Architecture.modelproj", "{6B56687A-C9E0-499D-A46D-89AA7DF19813}"
EndProject
Project("{FAE04EC0-301F-11D3-BF4B-00C04F79EFBC}") = "Eisk.Tests.IntegrationTests.DataAccessTests", "..\Eisk.Tests.IntegrationTests.DataAccessTests\Eisk.Tests.IntegrationTests.DataAccessTests.csproj", "{BBF7D722-8D15-47DC-9AC4-77E84EF04DFF}"
EndProject
Project("{FAE04EC0-301F-11D3-BF4B-00C04F79EFBC}") = "Eisk.Tests.IntegrationTests.ConfigurationTests", "..\Eisk.Tests.IntegrationTests.ConfigurationTests\Eisk.Tests.IntegrationTests.ConfigurationTests.csproj", "{D402F5FA-5777-4FB6-B7A1-97E7E8B43008}"
EndProject
Global
	GlobalSection(TestCaseManagementSettings) = postSolution
		CategoryFile = e-i-s-k-2010.vsmdi
	EndGlobalSection
	GlobalSection(SolutionConfigurationPlatforms) = preSolution
		Debug|.NET = Debug|.NET
		Debug|Any CPU = Debug|Any CPU
		Debug|Mixed Platforms = Debug|Mixed Platforms
		Debug|x86 = Debug|x86
		Default|.NET = Default|.NET
		Default|Any CPU = Default|Any CPU
		Default|Mixed Platforms = Default|Mixed Platforms
		Default|x86 = Default|x86
		Release|.NET = Release|.NET
		Release|Any CPU = Release|Any CPU
		Release|Mixed Platforms = Release|Mixed Platforms
		Release|x86 = Release|x86
	EndGlobalSection
	GlobalSection(ProjectConfigurationPlatforms) = postSolution
		{8DD4D52B-9FA0-4BFB-BC48-B39ABEBAC890}.Debug|.NET.ActiveCfg = Debug|Any CPU
		{8DD4D52B-9FA0-4BFB-BC48-B39ABEBAC890}.Debug|Any CPU.ActiveCfg = Debug|Any CPU
		{8DD4D52B-9FA0-4BFB-BC48-B39ABEBAC890}.Debug|Any CPU.Build.0 = Debug|Any CPU
		{8DD4D52B-9FA0-4BFB-BC48-B39ABEBAC890}.Debug|Mixed Platforms.ActiveCfg = Debug|Any CPU
		{8DD4D52B-9FA0-4BFB-BC48-B39ABEBAC890}.Debug|Mixed Platforms.Build.0 = Debug|Any CPU
		{8DD4D52B-9FA0-4BFB-BC48-B39ABEBAC890}.Debug|x86.ActiveCfg = Debug|Any CPU
		{8DD4D52B-9FA0-4BFB-BC48-B39ABEBAC890}.Default|.NET.ActiveCfg = Debug|Any CPU
		{8DD4D52B-9FA0-4BFB-BC48-B39ABEBAC890}.Default|Any CPU.ActiveCfg = Debug|Any CPU
		{8DD4D52B-9FA0-4BFB-BC48-B39ABEBAC890}.Default|Any CPU.Build.0 = Debug|Any CPU
		{8DD4D52B-9FA0-4BFB-BC48-B39ABEBAC890}.Default|Mixed Platforms.ActiveCfg = Debug|Any CPU
		{8DD4D52B-9FA0-4BFB-BC48-B39ABEBAC890}.Default|Mixed Platforms.Build.0 = Debug|Any CPU
		{8DD4D52B-9FA0-4BFB-BC48-B39ABEBAC890}.Default|x86.ActiveCfg = Debug|Any CPU
		{8DD4D52B-9FA0-4BFB-BC48-B39ABEBAC890}.Release|.NET.ActiveCfg = Release|Any CPU
		{8DD4D52B-9FA0-4BFB-BC48-B39ABEBAC890}.Release|Any CPU.ActiveCfg = Release|Any CPU
		{8DD4D52B-9FA0-4BFB-BC48-B39ABEBAC890}.Release|Any CPU.Build.0 = Release|Any CPU
		{8DD4D52B-9FA0-4BFB-BC48-B39ABEBAC890}.Release|Mixed Platforms.ActiveCfg = Release|Any CPU
		{8DD4D52B-9FA0-4BFB-BC48-B39ABEBAC890}.Release|Mixed Platforms.Build.0 = Release|Any CPU
		{8DD4D52B-9FA0-4BFB-BC48-B39ABEBAC890}.Release|x86.ActiveCfg = Release|Any CPU
		{6032369A-3A3B-4CAE-9CF3-9B096B7E0326}.Debug|.NET.ActiveCfg = Debug|Any CPU
		{6032369A-3A3B-4CAE-9CF3-9B096B7E0326}.Debug|Any CPU.ActiveCfg = Debug|Any CPU
		{6032369A-3A3B-4CAE-9CF3-9B096B7E0326}.Debug|Any CPU.Build.0 = Debug|Any CPU
		{6032369A-3A3B-4CAE-9CF3-9B096B7E0326}.Debug|Mixed Platforms.ActiveCfg = Debug|Any CPU
		{6032369A-3A3B-4CAE-9CF3-9B096B7E0326}.Debug|Mixed Platforms.Build.0 = Debug|Any CPU
		{6032369A-3A3B-4CAE-9CF3-9B096B7E0326}.Debug|x86.ActiveCfg = Debug|Any CPU
		{6032369A-3A3B-4CAE-9CF3-9B096B7E0326}.Default|.NET.ActiveCfg = Debug|Any CPU
		{6032369A-3A3B-4CAE-9CF3-9B096B7E0326}.Default|Any CPU.ActiveCfg = Debug|Any CPU
		{6032369A-3A3B-4CAE-9CF3-9B096B7E0326}.Default|Any CPU.Build.0 = Debug|Any CPU
		{6032369A-3A3B-4CAE-9CF3-9B096B7E0326}.Default|Mixed Platforms.ActiveCfg = Debug|Any CPU
		{6032369A-3A3B-4CAE-9CF3-9B096B7E0326}.Default|Mixed Platforms.Build.0 = Debug|Any CPU
		{6032369A-3A3B-4CAE-9CF3-9B096B7E0326}.Default|x86.ActiveCfg = Debug|Any CPU
		{6032369A-3A3B-4CAE-9CF3-9B096B7E0326}.Release|.NET.ActiveCfg = Release|Any CPU
		{6032369A-3A3B-4CAE-9CF3-9B096B7E0326}.Release|Any CPU.ActiveCfg = Release|Any CPU
		{6032369A-3A3B-4CAE-9CF3-9B096B7E0326}.Release|Any CPU.Build.0 = Release|Any CPU
		{6032369A-3A3B-4CAE-9CF3-9B096B7E0326}.Release|Mixed Platforms.ActiveCfg = Release|Any CPU
		{6032369A-3A3B-4CAE-9CF3-9B096B7E0326}.Release|Mixed Platforms.Build.0 = Release|Any CPU
		{6032369A-3A3B-4CAE-9CF3-9B096B7E0326}.Release|x86.ActiveCfg = Release|Any CPU
		{DE119620-D463-427E-8A26-B9040762B863}.Debug|.NET.ActiveCfg = Debug|Any CPU
		{DE119620-D463-427E-8A26-B9040762B863}.Debug|Any CPU.ActiveCfg = Debug|Any CPU
		{DE119620-D463-427E-8A26-B9040762B863}.Debug|Any CPU.Build.0 = Debug|Any CPU
		{DE119620-D463-427E-8A26-B9040762B863}.Debug|Mixed Platforms.ActiveCfg = Debug|Any CPU
		{DE119620-D463-427E-8A26-B9040762B863}.Debug|Mixed Platforms.Build.0 = Debug|Any CPU
		{DE119620-D463-427E-8A26-B9040762B863}.Debug|x86.ActiveCfg = Debug|Any CPU
		{DE119620-D463-427E-8A26-B9040762B863}.Default|.NET.ActiveCfg = Debug|Any CPU
		{DE119620-D463-427E-8A26-B9040762B863}.Default|Any CPU.ActiveCfg = Debug|Any CPU
		{DE119620-D463-427E-8A26-B9040762B863}.Default|Any CPU.Build.0 = Debug|Any CPU
		{DE119620-D463-427E-8A26-B9040762B863}.Default|Mixed Platforms.ActiveCfg = Debug|Any CPU
		{DE119620-D463-427E-8A26-B9040762B863}.Default|Mixed Platforms.Build.0 = Debug|Any CPU
		{DE119620-D463-427E-8A26-B9040762B863}.Default|x86.ActiveCfg = Debug|Any CPU
		{DE119620-D463-427E-8A26-B9040762B863}.Release|.NET.ActiveCfg = Release|Any CPU
		{DE119620-D463-427E-8A26-B9040762B863}.Release|Any CPU.ActiveCfg = Release|Any CPU
		{DE119620-D463-427E-8A26-B9040762B863}.Release|Any CPU.Build.0 = Release|Any CPU
		{DE119620-D463-427E-8A26-B9040762B863}.Release|Mixed Platforms.ActiveCfg = Release|Any CPU
		{DE119620-D463-427E-8A26-B9040762B863}.Release|Mixed Platforms.Build.0 = Release|Any CPU
		{DE119620-D463-427E-8A26-B9040762B863}.Release|x86.ActiveCfg = Release|Any CPU
		{6EE8128B-7DDE-4DA5-B1EC-873B1E1F7582}.Debug|.NET.ActiveCfg = Debug|Any CPU
		{6EE8128B-7DDE-4DA5-B1EC-873B1E1F7582}.Debug|Any CPU.ActiveCfg = Debug|Any CPU
		{6EE8128B-7DDE-4DA5-B1EC-873B1E1F7582}.Debug|Any CPU.Build.0 = Debug|Any CPU
		{6EE8128B-7DDE-4DA5-B1EC-873B1E1F7582}.Debug|Mixed Platforms.ActiveCfg = Debug|Any CPU
		{6EE8128B-7DDE-4DA5-B1EC-873B1E1F7582}.Debug|Mixed Platforms.Build.0 = Debug|Any CPU
		{6EE8128B-7DDE-4DA5-B1EC-873B1E1F7582}.Debug|x86.ActiveCfg = Debug|Any CPU
		{6EE8128B-7DDE-4DA5-B1EC-873B1E1F7582}.Default|.NET.ActiveCfg = Debug|Any CPU
		{6EE8128B-7DDE-4DA5-B1EC-873B1E1F7582}.Default|Any CPU.ActiveCfg = Debug|Any CPU
		{6EE8128B-7DDE-4DA5-B1EC-873B1E1F7582}.Default|Any CPU.Build.0 = Debug|Any CPU
		{6EE8128B-7DDE-4DA5-B1EC-873B1E1F7582}.Default|Mixed Platforms.ActiveCfg = Debug|Any CPU
		{6EE8128B-7DDE-4DA5-B1EC-873B1E1F7582}.Default|Mixed Platforms.Build.0 = Debug|Any CPU
		{6EE8128B-7DDE-4DA5-B1EC-873B1E1F7582}.Default|x86.ActiveCfg = Debug|Any CPU
		{6EE8128B-7DDE-4DA5-B1EC-873B1E1F7582}.Release|.NET.ActiveCfg = Release|Any CPU
		{6EE8128B-7DDE-4DA5-B1EC-873B1E1F7582}.Release|Any CPU.ActiveCfg = Release|Any CPU
		{6EE8128B-7DDE-4DA5-B1EC-873B1E1F7582}.Release|Any CPU.Build.0 = Release|Any CPU
		{6EE8128B-7DDE-4DA5-B1EC-873B1E1F7582}.Release|Mixed Platforms.ActiveCfg = Release|Any CPU
		{6EE8128B-7DDE-4DA5-B1EC-873B1E1F7582}.Release|Mixed Platforms.Build.0 = Release|Any CPU
		{6EE8128B-7DDE-4DA5-B1EC-873B1E1F7582}.Release|x86.ActiveCfg = Release|Any CPU
		{5913D55A-2CD1-4D4D-B026-5BCF8C6421E2}.Debug|.NET.ActiveCfg = Debug|Any CPU
		{5913D55A-2CD1-4D4D-B026-5BCF8C6421E2}.Debug|Any CPU.ActiveCfg = Debug|Any CPU
		{5913D55A-2CD1-4D4D-B026-5BCF8C6421E2}.Debug|Any CPU.Build.0 = Debug|Any CPU
		{5913D55A-2CD1-4D4D-B026-5BCF8C6421E2}.Debug|Mixed Platforms.ActiveCfg = Debug|Any CPU
		{5913D55A-2CD1-4D4D-B026-5BCF8C6421E2}.Debug|Mixed Platforms.Build.0 = Debug|Any CPU
		{5913D55A-2CD1-4D4D-B026-5BCF8C6421E2}.Debug|x86.ActiveCfg = Debug|Any CPU
		{5913D55A-2CD1-4D4D-B026-5BCF8C6421E2}.Default|.NET.ActiveCfg = Debug|Any CPU
		{5913D55A-2CD1-4D4D-B026-5BCF8C6421E2}.Default|Any CPU.ActiveCfg = Debug|Any CPU
		{5913D55A-2CD1-4D4D-B026-5BCF8C6421E2}.Default|Any CPU.Build.0 = Debug|Any CPU
		{5913D55A-2CD1-4D4D-B026-5BCF8C6421E2}.Default|Mixed Platforms.ActiveCfg = Debug|Any CPU
		{5913D55A-2CD1-4D4D-B026-5BCF8C6421E2}.Default|Mixed Platforms.Build.0 = Debug|Any CPU
		{5913D55A-2CD1-4D4D-B026-5BCF8C6421E2}.Default|x86.ActiveCfg = Debug|Any CPU
		{5913D55A-2CD1-4D4D-B026-5BCF8C6421E2}.Release|.NET.ActiveCfg = Release|Any CPU
		{5913D55A-2CD1-4D4D-B026-5BCF8C6421E2}.Release|Any CPU.ActiveCfg = Release|Any CPU
		{5913D55A-2CD1-4D4D-B026-5BCF8C6421E2}.Release|Any CPU.Build.0 = Release|Any CPU
		{5913D55A-2CD1-4D4D-B026-5BCF8C6421E2}.Release|Mixed Platforms.ActiveCfg = Release|Any CPU
		{5913D55A-2CD1-4D4D-B026-5BCF8C6421E2}.Release|Mixed Platforms.Build.0 = Release|Any CPU
		{5913D55A-2CD1-4D4D-B026-5BCF8C6421E2}.Release|x86.ActiveCfg = Release|Any CPU
		{6BA8CB9E-5B06-4F40-A52C-6BFD431443A4}.Debug|.NET.ActiveCfg = Debug|Any CPU
		{6BA8CB9E-5B06-4F40-A52C-6BFD431443A4}.Debug|Any CPU.ActiveCfg = Debug|Any CPU
		{6BA8CB9E-5B06-4F40-A52C-6BFD431443A4}.Debug|Any CPU.Build.0 = Debug|Any CPU
		{6BA8CB9E-5B06-4F40-A52C-6BFD431443A4}.Debug|Mixed Platforms.ActiveCfg = Debug|Any CPU
		{6BA8CB9E-5B06-4F40-A52C-6BFD431443A4}.Debug|Mixed Platforms.Build.0 = Debug|Any CPU
		{6BA8CB9E-5B06-4F40-A52C-6BFD431443A4}.Debug|x86.ActiveCfg = Debug|Any CPU
		{6BA8CB9E-5B06-4F40-A52C-6BFD431443A4}.Default|.NET.ActiveCfg = Debug|Any CPU
		{6BA8CB9E-5B06-4F40-A52C-6BFD431443A4}.Default|Any CPU.ActiveCfg = Debug|Any CPU
		{6BA8CB9E-5B06-4F40-A52C-6BFD431443A4}.Default|Any CPU.Build.0 = Debug|Any CPU
		{6BA8CB9E-5B06-4F40-A52C-6BFD431443A4}.Default|Mixed Platforms.ActiveCfg = Debug|Any CPU
		{6BA8CB9E-5B06-4F40-A52C-6BFD431443A4}.Default|Mixed Platforms.Build.0 = Debug|Any CPU
		{6BA8CB9E-5B06-4F40-A52C-6BFD431443A4}.Default|x86.ActiveCfg = Debug|Any CPU
		{6BA8CB9E-5B06-4F40-A52C-6BFD431443A4}.Release|.NET.ActiveCfg = Release|Any CPU
		{6BA8CB9E-5B06-4F40-A52C-6BFD431443A4}.Release|Any CPU.ActiveCfg = Release|Any CPU
		{6BA8CB9E-5B06-4F40-A52C-6BFD431443A4}.Release|Any CPU.Build.0 = Release|Any CPU
		{6BA8CB9E-5B06-4F40-A52C-6BFD431443A4}.Release|Mixed Platforms.ActiveCfg = Release|Any CPU
		{6BA8CB9E-5B06-4F40-A52C-6BFD431443A4}.Release|Mixed Platforms.Build.0 = Release|Any CPU
		{6BA8CB9E-5B06-4F40-A52C-6BFD431443A4}.Release|x86.ActiveCfg = Release|Any CPU
		{4300988F-5BD1-4D97-8BEE-5DFBD7F6587B}.Debug|.NET.ActiveCfg = Debug|Any CPU
		{4300988F-5BD1-4D97-8BEE-5DFBD7F6587B}.Debug|Any CPU.ActiveCfg = Debug|Any CPU
		{4300988F-5BD1-4D97-8BEE-5DFBD7F6587B}.Debug|Any CPU.Build.0 = Debug|Any CPU
		{4300988F-5BD1-4D97-8BEE-5DFBD7F6587B}.Debug|Mixed Platforms.ActiveCfg = Debug|Any CPU
		{4300988F-5BD1-4D97-8BEE-5DFBD7F6587B}.Debug|Mixed Platforms.Build.0 = Debug|Any CPU
		{4300988F-5BD1-4D97-8BEE-5DFBD7F6587B}.Debug|x86.ActiveCfg = Debug|Any CPU
		{4300988F-5BD1-4D97-8BEE-5DFBD7F6587B}.Default|.NET.ActiveCfg = Debug|Any CPU
		{4300988F-5BD1-4D97-8BEE-5DFBD7F6587B}.Default|Any CPU.ActiveCfg = Debug|Any CPU
		{4300988F-5BD1-4D97-8BEE-5DFBD7F6587B}.Default|Any CPU.Build.0 = Debug|Any CPU
		{4300988F-5BD1-4D97-8BEE-5DFBD7F6587B}.Default|Mixed Platforms.ActiveCfg = Debug|Any CPU
		{4300988F-5BD1-4D97-8BEE-5DFBD7F6587B}.Default|Mixed Platforms.Build.0 = Debug|Any CPU
		{4300988F-5BD1-4D97-8BEE-5DFBD7F6587B}.Default|x86.ActiveCfg = Debug|Any CPU
		{4300988F-5BD1-4D97-8BEE-5DFBD7F6587B}.Release|.NET.ActiveCfg = Release|Any CPU
		{4300988F-5BD1-4D97-8BEE-5DFBD7F6587B}.Release|Any CPU.ActiveCfg = Release|Any CPU
		{4300988F-5BD1-4D97-8BEE-5DFBD7F6587B}.Release|Any CPU.Build.0 = Release|Any CPU
		{4300988F-5BD1-4D97-8BEE-5DFBD7F6587B}.Release|Mixed Platforms.ActiveCfg = Release|Any CPU
		{4300988F-5BD1-4D97-8BEE-5DFBD7F6587B}.Release|Mixed Platforms.Build.0 = Release|Any CPU
		{4300988F-5BD1-4D97-8BEE-5DFBD7F6587B}.Release|x86.ActiveCfg = Release|Any CPU
		{67CBC824-A49E-4E9B-A947-360F3DFE65C3}.Debug|.NET.ActiveCfg = Debug|Any CPU
		{67CBC824-A49E-4E9B-A947-360F3DFE65C3}.Debug|Any CPU.ActiveCfg = Debug|Any CPU
		{67CBC824-A49E-4E9B-A947-360F3DFE65C3}.Debug|Any CPU.Build.0 = Debug|Any CPU
		{67CBC824-A49E-4E9B-A947-360F3DFE65C3}.Debug|Any CPU.Deploy.0 = Debug|Any CPU
		{67CBC824-A49E-4E9B-A947-360F3DFE65C3}.Debug|Mixed Platforms.ActiveCfg = Debug|Any CPU
		{67CBC824-A49E-4E9B-A947-360F3DFE65C3}.Debug|Mixed Platforms.Build.0 = Debug|Any CPU
		{67CBC824-A49E-4E9B-A947-360F3DFE65C3}.Debug|x86.ActiveCfg = Debug|Any CPU
		{67CBC824-A49E-4E9B-A947-360F3DFE65C3}.Default|.NET.ActiveCfg = Debug|Any CPU
		{67CBC824-A49E-4E9B-A947-360F3DFE65C3}.Default|Any CPU.ActiveCfg = Debug|Any CPU
		{67CBC824-A49E-4E9B-A947-360F3DFE65C3}.Default|Any CPU.Build.0 = Debug|Any CPU
		{67CBC824-A49E-4E9B-A947-360F3DFE65C3}.Default|Any CPU.Deploy.0 = Debug|Any CPU
		{67CBC824-A49E-4E9B-A947-360F3DFE65C3}.Default|Mixed Platforms.ActiveCfg = Debug|Any CPU
		{67CBC824-A49E-4E9B-A947-360F3DFE65C3}.Default|Mixed Platforms.Build.0 = Debug|Any CPU
		{67CBC824-A49E-4E9B-A947-360F3DFE65C3}.Default|Mixed Platforms.Deploy.0 = Debug|Any CPU
		{67CBC824-A49E-4E9B-A947-360F3DFE65C3}.Default|x86.ActiveCfg = Debug|Any CPU
		{67CBC824-A49E-4E9B-A947-360F3DFE65C3}.Release|.NET.ActiveCfg = Release|Any CPU
		{67CBC824-A49E-4E9B-A947-360F3DFE65C3}.Release|Any CPU.ActiveCfg = Release|Any CPU
		{67CBC824-A49E-4E9B-A947-360F3DFE65C3}.Release|Any CPU.Build.0 = Release|Any CPU
		{67CBC824-A49E-4E9B-A947-360F3DFE65C3}.Release|Any CPU.Deploy.0 = Release|Any CPU
		{67CBC824-A49E-4E9B-A947-360F3DFE65C3}.Release|Mixed Platforms.ActiveCfg = Release|Any CPU
		{67CBC824-A49E-4E9B-A947-360F3DFE65C3}.Release|Mixed Platforms.Build.0 = Release|Any CPU
		{67CBC824-A49E-4E9B-A947-360F3DFE65C3}.Release|Mixed Platforms.Deploy.0 = Release|Any CPU
		{67CBC824-A49E-4E9B-A947-360F3DFE65C3}.Release|x86.ActiveCfg = Release|Any CPU
		{DE786070-5CB7-47EF-93F7-8EBE64F375BA}.Debug|.NET.ActiveCfg = Debug|Any CPU
		{DE786070-5CB7-47EF-93F7-8EBE64F375BA}.Debug|Any CPU.ActiveCfg = Debug|Any CPU
		{DE786070-5CB7-47EF-93F7-8EBE64F375BA}.Debug|Any CPU.Build.0 = Debug|Any CPU
		{DE786070-5CB7-47EF-93F7-8EBE64F375BA}.Debug|Mixed Platforms.ActiveCfg = Debug|Any CPU
		{DE786070-5CB7-47EF-93F7-8EBE64F375BA}.Debug|Mixed Platforms.Build.0 = Debug|Any CPU
		{DE786070-5CB7-47EF-93F7-8EBE64F375BA}.Debug|x86.ActiveCfg = Debug|Any CPU
		{DE786070-5CB7-47EF-93F7-8EBE64F375BA}.Default|.NET.ActiveCfg = Debug|Any CPU
		{DE786070-5CB7-47EF-93F7-8EBE64F375BA}.Default|Any CPU.ActiveCfg = Debug|Any CPU
		{DE786070-5CB7-47EF-93F7-8EBE64F375BA}.Default|Any CPU.Build.0 = Debug|Any CPU
		{DE786070-5CB7-47EF-93F7-8EBE64F375BA}.Default|Mixed Platforms.ActiveCfg = Debug|Any CPU
		{DE786070-5CB7-47EF-93F7-8EBE64F375BA}.Default|Mixed Platforms.Build.0 = Debug|Any CPU
		{DE786070-5CB7-47EF-93F7-8EBE64F375BA}.Default|x86.ActiveCfg = Debug|Any CPU
		{DE786070-5CB7-47EF-93F7-8EBE64F375BA}.Release|.NET.ActiveCfg = Debug|Any CPU
		{DE786070-5CB7-47EF-93F7-8EBE64F375BA}.Release|Any CPU.ActiveCfg = Debug|Any CPU
		{DE786070-5CB7-47EF-93F7-8EBE64F375BA}.Release|Any CPU.Build.0 = Debug|Any CPU
		{DE786070-5CB7-47EF-93F7-8EBE64F375BA}.Release|Mixed Platforms.ActiveCfg = Debug|Any CPU
		{DE786070-5CB7-47EF-93F7-8EBE64F375BA}.Release|Mixed Platforms.Build.0 = Debug|Any CPU
		{DE786070-5CB7-47EF-93F7-8EBE64F375BA}.Release|x86.ActiveCfg = Debug|Any CPU
		{5C22242E-C0AB-418E-88A5-AEC217C42329}.Debug|.NET.ActiveCfg = Debug|Any CPU
		{5C22242E-C0AB-418E-88A5-AEC217C42329}.Debug|Any CPU.ActiveCfg = Debug|Any CPU
		{5C22242E-C0AB-418E-88A5-AEC217C42329}.Debug|Any CPU.Build.0 = Debug|Any CPU
		{5C22242E-C0AB-418E-88A5-AEC217C42329}.Debug|Mixed Platforms.ActiveCfg = Debug|Any CPU
		{5C22242E-C0AB-418E-88A5-AEC217C42329}.Debug|Mixed Platforms.Build.0 = Debug|Any CPU
		{5C22242E-C0AB-418E-88A5-AEC217C42329}.Debug|x86.ActiveCfg = Debug|Any CPU
		{5C22242E-C0AB-418E-88A5-AEC217C42329}.Default|.NET.ActiveCfg = Debug|Any CPU
		{5C22242E-C0AB-418E-88A5-AEC217C42329}.Default|Any CPU.ActiveCfg = Debug|Any CPU
		{5C22242E-C0AB-418E-88A5-AEC217C42329}.Default|Any CPU.Build.0 = Debug|Any CPU
		{5C22242E-C0AB-418E-88A5-AEC217C42329}.Default|Mixed Platforms.ActiveCfg = Debug|Any CPU
		{5C22242E-C0AB-418E-88A5-AEC217C42329}.Default|Mixed Platforms.Build.0 = Debug|Any CPU
		{5C22242E-C0AB-418E-88A5-AEC217C42329}.Default|x86.ActiveCfg = Debug|Any CPU
		{5C22242E-C0AB-418E-88A5-AEC217C42329}.Release|.NET.ActiveCfg = Release|Any CPU
		{5C22242E-C0AB-418E-88A5-AEC217C42329}.Release|Any CPU.ActiveCfg = Release|Any CPU
		{5C22242E-C0AB-418E-88A5-AEC217C42329}.Release|Any CPU.Build.0 = Release|Any CPU
		{5C22242E-C0AB-418E-88A5-AEC217C42329}.Release|Mixed Platforms.ActiveCfg = Release|Any CPU
		{5C22242E-C0AB-418E-88A5-AEC217C42329}.Release|Mixed Platforms.Build.0 = Release|Any CPU
		{5C22242E-C0AB-418E-88A5-AEC217C42329}.Release|x86.ActiveCfg = Release|Any CPU
		{6B56687A-C9E0-499D-A46D-89AA7DF19813}.Debug|.NET.ActiveCfg = Debug|Any CPU
		{6B56687A-C9E0-499D-A46D-89AA7DF19813}.Debug|Any CPU.ActiveCfg = Debug|Any CPU
		{6B56687A-C9E0-499D-A46D-89AA7DF19813}.Debug|Any CPU.Build.0 = Debug|Any CPU
		{6B56687A-C9E0-499D-A46D-89AA7DF19813}.Debug|Mixed Platforms.ActiveCfg = Debug|Any CPU
		{6B56687A-C9E0-499D-A46D-89AA7DF19813}.Debug|Mixed Platforms.Build.0 = Debug|Any CPU
		{6B56687A-C9E0-499D-A46D-89AA7DF19813}.Debug|x86.ActiveCfg = Debug|Any CPU
		{6B56687A-C9E0-499D-A46D-89AA7DF19813}.Default|.NET.ActiveCfg = Debug|Any CPU
		{6B56687A-C9E0-499D-A46D-89AA7DF19813}.Default|Any CPU.ActiveCfg = Debug|Any CPU
		{6B56687A-C9E0-499D-A46D-89AA7DF19813}.Default|Any CPU.Build.0 = Debug|Any CPU
		{6B56687A-C9E0-499D-A46D-89AA7DF19813}.Default|Mixed Platforms.ActiveCfg = Debug|Any CPU
		{6B56687A-C9E0-499D-A46D-89AA7DF19813}.Default|Mixed Platforms.Build.0 = Debug|Any CPU
		{6B56687A-C9E0-499D-A46D-89AA7DF19813}.Default|x86.ActiveCfg = Debug|Any CPU
		{6B56687A-C9E0-499D-A46D-89AA7DF19813}.Release|.NET.ActiveCfg = Release|Any CPU
		{6B56687A-C9E0-499D-A46D-89AA7DF19813}.Release|Any CPU.ActiveCfg = Release|Any CPU
		{6B56687A-C9E0-499D-A46D-89AA7DF19813}.Release|Any CPU.Build.0 = Release|Any CPU
		{6B56687A-C9E0-499D-A46D-89AA7DF19813}.Release|Mixed Platforms.ActiveCfg = Release|Any CPU
		{6B56687A-C9E0-499D-A46D-89AA7DF19813}.Release|Mixed Platforms.Build.0 = Release|Any CPU
		{6B56687A-C9E0-499D-A46D-89AA7DF19813}.Release|x86.ActiveCfg = Release|Any CPU
		{BBF7D722-8D15-47DC-9AC4-77E84EF04DFF}.Debug|.NET.ActiveCfg = Debug|Any CPU
		{BBF7D722-8D15-47DC-9AC4-77E84EF04DFF}.Debug|Any CPU.ActiveCfg = Debug|Any CPU
		{BBF7D722-8D15-47DC-9AC4-77E84EF04DFF}.Debug|Any CPU.Build.0 = Debug|Any CPU
		{BBF7D722-8D15-47DC-9AC4-77E84EF04DFF}.Debug|Mixed Platforms.ActiveCfg = Debug|Any CPU
		{BBF7D722-8D15-47DC-9AC4-77E84EF04DFF}.Debug|Mixed Platforms.Build.0 = Debug|Any CPU
		{BBF7D722-8D15-47DC-9AC4-77E84EF04DFF}.Debug|x86.ActiveCfg = Debug|Any CPU
		{BBF7D722-8D15-47DC-9AC4-77E84EF04DFF}.Default|.NET.ActiveCfg = Debug|Any CPU
		{BBF7D722-8D15-47DC-9AC4-77E84EF04DFF}.Default|Any CPU.ActiveCfg = Debug|Any CPU
		{BBF7D722-8D15-47DC-9AC4-77E84EF04DFF}.Default|Any CPU.Build.0 = Debug|Any CPU
		{BBF7D722-8D15-47DC-9AC4-77E84EF04DFF}.Default|Mixed Platforms.ActiveCfg = Debug|Any CPU
		{BBF7D722-8D15-47DC-9AC4-77E84EF04DFF}.Default|Mixed Platforms.Build.0 = Debug|Any CPU
		{BBF7D722-8D15-47DC-9AC4-77E84EF04DFF}.Default|x86.ActiveCfg = Debug|Any CPU
		{BBF7D722-8D15-47DC-9AC4-77E84EF04DFF}.Release|.NET.ActiveCfg = Release|Any CPU
		{BBF7D722-8D15-47DC-9AC4-77E84EF04DFF}.Release|Any CPU.ActiveCfg = Release|Any CPU
		{BBF7D722-8D15-47DC-9AC4-77E84EF04DFF}.Release|Any CPU.Build.0 = Release|Any CPU
		{BBF7D722-8D15-47DC-9AC4-77E84EF04DFF}.Release|Mixed Platforms.ActiveCfg = Release|Any CPU
		{BBF7D722-8D15-47DC-9AC4-77E84EF04DFF}.Release|Mixed Platforms.Build.0 = Release|Any CPU
		{BBF7D722-8D15-47DC-9AC4-77E84EF04DFF}.Release|x86.ActiveCfg = Release|Any CPU
		{D402F5FA-5777-4FB6-B7A1-97E7E8B43008}.Debug|.NET.ActiveCfg = Debug|Any CPU
		{D402F5FA-5777-4FB6-B7A1-97E7E8B43008}.Debug|Any CPU.ActiveCfg = Debug|Any CPU
		{D402F5FA-5777-4FB6-B7A1-97E7E8B43008}.Debug|Any CPU.Build.0 = Debug|Any CPU
		{D402F5FA-5777-4FB6-B7A1-97E7E8B43008}.Debug|Mixed Platforms.ActiveCfg = Debug|Any CPU
		{D402F5FA-5777-4FB6-B7A1-97E7E8B43008}.Debug|Mixed Platforms.Build.0 = Debug|Any CPU
		{D402F5FA-5777-4FB6-B7A1-97E7E8B43008}.Debug|x86.ActiveCfg = Debug|Any CPU
		{D402F5FA-5777-4FB6-B7A1-97E7E8B43008}.Default|.NET.ActiveCfg = Debug|Any CPU
		{D402F5FA-5777-4FB6-B7A1-97E7E8B43008}.Default|Any CPU.ActiveCfg = Debug|Any CPU
		{D402F5FA-5777-4FB6-B7A1-97E7E8B43008}.Default|Any CPU.Build.0 = Debug|Any CPU
		{D402F5FA-5777-4FB6-B7A1-97E7E8B43008}.Default|Mixed Platforms.ActiveCfg = Debug|Any CPU
		{D402F5FA-5777-4FB6-B7A1-97E7E8B43008}.Default|Mixed Platforms.Build.0 = Debug|Any CPU
		{D402F5FA-5777-4FB6-B7A1-97E7E8B43008}.Default|x86.ActiveCfg = Debug|Any CPU
		{D402F5FA-5777-4FB6-B7A1-97E7E8B43008}.Release|.NET.ActiveCfg = Release|Any CPU
		{D402F5FA-5777-4FB6-B7A1-97E7E8B43008}.Release|Any CPU.ActiveCfg = Release|Any CPU
		{D402F5FA-5777-4FB6-B7A1-97E7E8B43008}.Release|Any CPU.Build.0 = Release|Any CPU
		{D402F5FA-5777-4FB6-B7A1-97E7E8B43008}.Release|Mixed Platforms.ActiveCfg = Release|Any CPU
		{D402F5FA-5777-4FB6-B7A1-97E7E8B43008}.Release|Mixed Platforms.Build.0 = Release|Any CPU
		{D402F5FA-5777-4FB6-B7A1-97E7E8B43008}.Release|x86.ActiveCfg = Release|Any CPU
	EndGlobalSection
	GlobalSection(SolutionProperties) = preSolution
		HideSolutionNode = FALSE
	EndGlobalSection
	GlobalSection(NestedProjects) = preSolution
		{8DD4D52B-9FA0-4BFB-BC48-B39ABEBAC890} = {55B191EC-A50A-4191-9FDB-4E523F82F69C}
		{6032369A-3A3B-4CAE-9CF3-9B096B7E0326} = {55B191EC-A50A-4191-9FDB-4E523F82F69C}
		{DE119620-D463-427E-8A26-B9040762B863} = {55B191EC-A50A-4191-9FDB-4E523F82F69C}
		{6EE8128B-7DDE-4DA5-B1EC-873B1E1F7582} = {55B191EC-A50A-4191-9FDB-4E523F82F69C}
		{5913D55A-2CD1-4D4D-B026-5BCF8C6421E2} = {55B191EC-A50A-4191-9FDB-4E523F82F69C}
		{5C22242E-C0AB-418E-88A5-AEC217C42329} = {55B191EC-A50A-4191-9FDB-4E523F82F69C}
		{BBF7D722-8D15-47DC-9AC4-77E84EF04DFF} = {55B191EC-A50A-4191-9FDB-4E523F82F69C}
		{D402F5FA-5777-4FB6-B7A1-97E7E8B43008} = {55B191EC-A50A-4191-9FDB-4E523F82F69C}
		{67CBC824-A49E-4E9B-A947-360F3DFE65C3} = {6880855B-9075-48D1-A00E-F7349B64BFBA}
		{6B56687A-C9E0-499D-A46D-89AA7DF19813} = {AABF03A9-0E7F-44BA-B175-CC5A135F61FB}
	EndGlobalSection
EndGlobal
